
Microsoft Visual Studio Solution File, Format Version 12.00
# Visual Studio 2013
VisualStudioVersion = 12.0.21005.1
MinimumVisualStudioVersion = 10.0.40219.1
Project("{FAE04EC0-301F-11D3-BF4B-00C04F79EFBC}") = "EF.RiotApi.Net35", "EF.RiotAPI\EF.RiotApi.Net35.csproj", "{495E95AB-66C8-411C-A740-D8CC31067F21}"
EndProject
Project("{FAE04EC0-301F-11D3-BF4B-00C04F79EFBC}") = "EF.RiotApi.Tests.Net35", "EF.RiotAPI.Tests\EF.RiotApi.Tests.Net35.csproj", "{14A45194-A8FA-4B34-B80E-FF99D92F4FBC}"
EndProject
Global
	GlobalSection(SolutionConfigurationPlatforms) = preSolution
		Debug|Any CPU = Debug|Any CPU
		Release|Any CPU = Release|Any CPU
	EndGlobalSection
	GlobalSection(ProjectConfigurationPlatforms) = postSolution
		{495E95AB-66C8-411C-A740-D8CC31067F21}.Debug|Any CPU.ActiveCfg = Debug|Any CPU
		{495E95AB-66C8-411C-A740-D8CC31067F21}.Debug|Any CPU.Build.0 = Debug|Any CPU
		{495E95AB-66C8-411C-A740-D8CC31067F21}.Release|Any CPU.ActiveCfg = Release|Any CPU
		{495E95AB-66C8-411C-A740-D8CC31067F21}.Release|Any CPU.Build.0 = Release|Any CPU
		{14A45194-A8FA-4B34-B80E-FF99D92F4FBC}.Debug|Any CPU.ActiveCfg = Debug|Any CPU
		{14A45194-A8FA-4B34-B80E-FF99D92F4FBC}.Debug|Any CPU.Build.0 = Debug|Any CPU
		{14A45194-A8FA-4B34-B80E-FF99D92F4FBC}.Release|Any CPU.ActiveCfg = Release|Any CPU
		{14A45194-A8FA-4B34-B80E-FF99D92F4FBC}.Release|Any CPU.Build.0 = Release|Any CPU
	EndGlobalSection
	GlobalSection(SolutionProperties) = preSolution
		HideSolutionNode = FALSE
	EndGlobalSection
EndGlobal
